
Microsoft Visual Studio Solution File, Format Version 12.00
# Visual Studio Version 17
VisualStudioVersion = 17.10.35027.167
MinimumVisualStudioVersion = 10.0.40219.1
Project("{2150E333-8FDC-42A3-9474-1A3956D46DE8}") = "Services", "Services", "{0F67E5B3-691C-44F8-8292-4907F906FF3D}"
EndProject
Project("{2150E333-8FDC-42A3-9474-1A3956D46DE8}") = "Catalog", "Catalog", "{EF25E2D4-CB9B-4358-868D-ADD75E114CA7}"
EndProject
Project("{9A19103F-16F7-4668-BE54-9A1E7A4F7556}") = "Catalog.API", "Services\Catalog\Catalog.API\Catalog.API.csproj", "{E7301D79-D16A-4A02-A842-71107005ED20}"
EndProject
Project("{2150E333-8FDC-42A3-9474-1A3956D46DE8}") = "BuildingBlocks", "BuildingBlocks", "{33DE7950-8CA2-4E27-B12E-7A003136AFAC}"
EndProject
Project("{9A19103F-16F7-4668-BE54-9A1E7A4F7556}") = "BuildingBlocks", "BuildingBlocks\BuildingBlocks\BuildingBlocks.csproj", "{ED91CC26-8655-40DD-B1C5-865AF2EB7196}"
EndProject
Project("{E53339B2-1760-4266-BCC7-CA923CBCF16C}") = "docker-compose", "docker-compose.dcproj", "{31344D0B-CF85-402E-9CB3-02E7C671DB4B}"
EndProject
Project("{2150E333-8FDC-42A3-9474-1A3956D46DE8}") = "Basket", "Basket", "{BD020F83-10AB-4FFC-9645-7E90A28F9CE4}"
EndProject
Project("{9A19103F-16F7-4668-BE54-9A1E7A4F7556}") = "Basket.API", "Services\Basket\Basket.API\Basket.API.csproj", "{179ECC04-5EFB-4DBF-A1F4-D6C016CD4F32}"
EndProject
Project("{2150E333-8FDC-42A3-9474-1A3956D46DE8}") = "Discount", "Discount", "{8DC24AFD-FD5C-4766-BF7D-FCD6142D3A75}"
EndProject
Project("{9A19103F-16F7-4668-BE54-9A1E7A4F7556}") = "Discount.Grpc", "Services\Discount\Discount.Grpc\Discount.Grpc.csproj", "{566A55B8-FCDB-4907-8128-7349941DF3B4}"
EndProject
Project("{2150E333-8FDC-42A3-9474-1A3956D46DE8}") = "Ordering", "Ordering", "{DB3A8F1F-EC2E-4028-89E9-1B6A058B5022}"
EndProject
Project("{9A19103F-16F7-4668-BE54-9A1E7A4F7556}") = "Ordering.API", "Services\Ordering\Ordering.API\Ordering.API.csproj", "{2F6811AE-A14C-40A0-AE7B-5A52838A3481}"
EndProject
Project("{9A19103F-16F7-4668-BE54-9A1E7A4F7556}") = "Ordering.Domain", "Services\Ordering\Ordering.Domain\Ordering.Domain.csproj", "{C5B59F6D-5920-442B-92FB-86702AAB217C}"
EndProject
Project("{9A19103F-16F7-4668-BE54-9A1E7A4F7556}") = "Ordering.Application", "Services\Ordering\Ordering.Application\Ordering.Application.csproj", "{7D5DF796-D546-437C-AB89-8CC30CBF213E}"
EndProject
Project("{9A19103F-16F7-4668-BE54-9A1E7A4F7556}") = "Ordering.Infrastructure", "Services\Ordering\Ordering.Infrastructure\Ordering.Infrastructure.csproj", "{ECF2BDA6-B48C-4E26-A413-A2B3C7BC123E}"
EndProject
Project("{9A19103F-16F7-4668-BE54-9A1E7A4F7556}") = "BuildingBlocks.Messaging", "BuildingBlocks\BuildingBlocks.Messaging\BuildingBlocks.Messaging.csproj", "{0B182866-A192-47D7-841E-9DA27CE6B829}"
EndProject
Project("{2150E333-8FDC-42A3-9474-1A3956D46DE8}") = "ApiGateways", "ApiGateways", "{FE1F8B80-C2D0-470C-90C0-A4DC51BB62A1}"
EndProject
Project("{9A19103F-16F7-4668-BE54-9A1E7A4F7556}") = "YarpApiGateway", "ApiGateways\YarpApiGateway\YarpApiGateway.csproj", "{96B6D8C4-2227-4C7A-8E48-D3C4B6DD9A83}"
EndProject
Project("{2150E333-8FDC-42A3-9474-1A3956D46DE8}") = "WebApps", "WebApps", "{64360CC8-85B9-4E53-B102-A608FE31BF8D}"
EndProject
Project("{FAE04EC0-301F-11D3-BF4B-00C04F79EFBC}") = "Shopping.Web", "WebApps\Shopping.Web\Shopping.Web.csproj", "{6755A2C2-4FE2-41FC-9B55-2FCD373AC66F}"
EndProject
Global
	GlobalSection(SolutionConfigurationPlatforms) = preSolution
		Debug|Any CPU = Debug|Any CPU
		Release|Any CPU = Release|Any CPU
	EndGlobalSection
	GlobalSection(ProjectConfigurationPlatforms) = postSolution
		{E7301D79-D16A-4A02-A842-71107005ED20}.Debug|Any CPU.ActiveCfg = Debug|Any CPU
		{E7301D79-D16A-4A02-A842-71107005ED20}.Debug|Any CPU.Build.0 = Debug|Any CPU
		{E7301D79-D16A-4A02-A842-71107005ED20}.Release|Any CPU.ActiveCfg = Release|Any CPU
		{E7301D79-D16A-4A02-A842-71107005ED20}.Release|Any CPU.Build.0 = Release|Any CPU
		{ED91CC26-8655-40DD-B1C5-865AF2EB7196}.Debug|Any CPU.ActiveCfg = Debug|Any CPU
		{ED91CC26-8655-40DD-B1C5-865AF2EB7196}.Debug|Any CPU.Build.0 = Debug|Any CPU
		{ED91CC26-8655-40DD-B1C5-865AF2EB7196}.Release|Any CPU.ActiveCfg = Release|Any CPU
		{ED91CC26-8655-40DD-B1C5-865AF2EB7196}.Release|Any CPU.Build.0 = Release|Any CPU
		{31344D0B-CF85-402E-9CB3-02E7C671DB4B}.Debug|Any CPU.ActiveCfg = Debug|Any CPU
		{31344D0B-CF85-402E-9CB3-02E7C671DB4B}.Debug|Any CPU.Build.0 = Debug|Any CPU
		{31344D0B-CF85-402E-9CB3-02E7C671DB4B}.Release|Any CPU.ActiveCfg = Release|Any CPU
		{31344D0B-CF85-402E-9CB3-02E7C671DB4B}.Release|Any CPU.Build.0 = Release|Any CPU
		{179ECC04-5EFB-4DBF-A1F4-D6C016CD4F32}.Debug|Any CPU.ActiveCfg = Debug|Any CPU
		{179ECC04-5EFB-4DBF-A1F4-D6C016CD4F32}.Debug|Any CPU.Build.0 = Debug|Any CPU
		{179ECC04-5EFB-4DBF-A1F4-D6C016CD4F32}.Release|Any CPU.ActiveCfg = Release|Any CPU
		{179ECC04-5EFB-4DBF-A1F4-D6C016CD4F32}.Release|Any CPU.Build.0 = Release|Any CPU
		{566A55B8-FCDB-4907-8128-7349941DF3B4}.Debug|Any CPU.ActiveCfg = Debug|Any CPU
		{566A55B8-FCDB-4907-8128-7349941DF3B4}.Debug|Any CPU.Build.0 = Debug|Any CPU
		{566A55B8-FCDB-4907-8128-7349941DF3B4}.Release|Any CPU.ActiveCfg = Release|Any CPU
		{566A55B8-FCDB-4907-8128-7349941DF3B4}.Release|Any CPU.Build.0 = Release|Any CPU
		{2F6811AE-A14C-40A0-AE7B-5A52838A3481}.Debug|Any CPU.ActiveCfg = Debug|Any CPU
		{2F6811AE-A14C-40A0-AE7B-5A52838A3481}.Debug|Any CPU.Build.0 = Debug|Any CPU
		{2F6811AE-A14C-40A0-AE7B-5A52838A3481}.Release|Any CPU.ActiveCfg = Release|Any CPU
		{2F6811AE-A14C-40A0-AE7B-5A52838A3481}.Release|Any CPU.Build.0 = Release|Any CPU
		{C5B59F6D-5920-442B-92FB-86702AAB217C}.Debug|Any CPU.ActiveCfg = Debug|Any CPU
		{C5B59F6D-5920-442B-92FB-86702AAB217C}.Debug|Any CPU.Build.0 = Debug|Any CPU
		{C5B59F6D-5920-442B-92FB-86702AAB217C}.Release|Any CPU.ActiveCfg = Release|Any CPU
		{C5B59F6D-5920-442B-92FB-86702AAB217C}.Release|Any CPU.Build.0 = Release|Any CPU
		{7D5DF796-D546-437C-AB89-8CC30CBF213E}.Debug|Any CPU.ActiveCfg = Debug|Any CPU
		{7D5DF796-D546-437C-AB89-8CC30CBF213E}.Debug|Any CPU.Build.0 = Debug|Any CPU
		{7D5DF796-D546-437C-AB89-8CC30CBF213E}.Release|Any CPU.ActiveCfg = Release|Any CPU
		{7D5DF796-D546-437C-AB89-8CC30CBF213E}.Release|Any CPU.Build.0 = Release|Any CPU
		{ECF2BDA6-B48C-4E26-A413-A2B3C7BC123E}.Debug|Any CPU.ActiveCfg = Debug|Any CPU
		{ECF2BDA6-B48C-4E26-A413-A2B3C7BC123E}.Debug|Any CPU.Build.0 = Debug|Any CPU
		{ECF2BDA6-B48C-4E26-A413-A2B3C7BC123E}.Release|Any CPU.ActiveCfg = Release|Any CPU
		{ECF2BDA6-B48C-4E26-A413-A2B3C7BC123E}.Release|Any CPU.Build.0 = Release|Any CPU
		{0B182866-A192-47D7-841E-9DA27CE6B829}.Debug|Any CPU.ActiveCfg = Debug|Any CPU
		{0B182866-A192-47D7-841E-9DA27CE6B829}.Debug|Any CPU.Build.0 = Debug|Any CPU
		{0B182866-A192-47D7-841E-9DA27CE6B829}.Release|Any CPU.ActiveCfg = Release|Any CPU
		{0B182866-A192-47D7-841E-9DA27CE6B829}.Release|Any CPU.Build.0 = Release|Any CPU
		{96B6D8C4-2227-4C7A-8E48-D3C4B6DD9A83}.Debug|Any CPU.ActiveCfg = Debug|Any CPU
		{96B6D8C4-2227-4C7A-8E48-D3C4B6DD9A83}.Debug|Any CPU.Build.0 = Debug|Any CPU
		{96B6D8C4-2227-4C7A-8E48-D3C4B6DD9A83}.Release|Any CPU.ActiveCfg = Release|Any CPU
		{96B6D8C4-2227-4C7A-8E48-D3C4B6DD9A83}.Release|Any CPU.Build.0 = Release|Any CPU
		{6755A2C2-4FE2-41FC-9B55-2FCD373AC66F}.Debug|Any CPU.ActiveCfg = Debug|Any CPU
		{6755A2C2-4FE2-41FC-9B55-2FCD373AC66F}.Debug|Any CPU.Build.0 = Debug|Any CPU
		{6755A2C2-4FE2-41FC-9B55-2FCD373AC66F}.Release|Any CPU.ActiveCfg = Release|Any CPU
		{6755A2C2-4FE2-41FC-9B55-2FCD373AC66F}.Release|Any CPU.Build.0 = Release|Any CPU
	EndGlobalSection
	GlobalSection(SolutionProperties) = preSolution
		HideSolutionNode = FALSE
	EndGlobalSection
	GlobalSection(NestedProjects) = preSolution
		{EF25E2D4-CB9B-4358-868D-ADD75E114CA7} = {0F67E5B3-691C-44F8-8292-4907F906FF3D}
		{E7301D79-D16A-4A02-A842-71107005ED20} = {EF25E2D4-CB9B-4358-868D-ADD75E114CA7}
		{ED91CC26-8655-40DD-B1C5-865AF2EB7196} = {33DE7950-8CA2-4E27-B12E-7A003136AFAC}
		{BD020F83-10AB-4FFC-9645-7E90A28F9CE4} = {0F67E5B3-691C-44F8-8292-4907F906FF3D}
		{179ECC04-5EFB-4DBF-A1F4-D6C016CD4F32} = {BD020F83-10AB-4FFC-9645-7E90A28F9CE4}
		{8DC24AFD-FD5C-4766-BF7D-FCD6142D3A75} = {0F67E5B3-691C-44F8-8292-4907F906FF3D}
		{566A55B8-FCDB-4907-8128-7349941DF3B4} = {8DC24AFD-FD5C-4766-BF7D-FCD6142D3A75}
		{DB3A8F1F-EC2E-4028-89E9-1B6A058B5022} = {0F67E5B3-691C-44F8-8292-4907F906FF3D}
		{2F6811AE-A14C-40A0-AE7B-5A52838A3481} = {DB3A8F1F-EC2E-4028-89E9-1B6A058B5022}
		{C5B59F6D-5920-442B-92FB-86702AAB217C} = {DB3A8F1F-EC2E-4028-89E9-1B6A058B5022}
		{7D5DF796-D546-437C-AB89-8CC30CBF213E} = {DB3A8F1F-EC2E-4028-89E9-1B6A058B5022}
		{ECF2BDA6-B48C-4E26-A413-A2B3C7BC123E} = {DB3A8F1F-EC2E-4028-89E9-1B6A058B5022}
		{0B182866-A192-47D7-841E-9DA27CE6B829} = {33DE7950-8CA2-4E27-B12E-7A003136AFAC}
		{96B6D8C4-2227-4C7A-8E48-D3C4B6DD9A83} = {FE1F8B80-C2D0-470C-90C0-A4DC51BB62A1}
		{6755A2C2-4FE2-41FC-9B55-2FCD373AC66F} = {64360CC8-85B9-4E53-B102-A608FE31BF8D}
	EndGlobalSection
	GlobalSection(ExtensibilityGlobals) = postSolution
		SolutionGuid = {BD9A6882-8BA4-4FA2-9D3F-06FDF9931893}
	EndGlobalSection
EndGlobal
